
Microsoft Visual Studio Solution File, Format Version 12.00
# Visual Studio 15
VisualStudioVersion = 15.0.26730.12
MinimumVisualStudioVersion = 10.0.40219.1
Project("{FAE04EC0-301F-11D3-BF4B-00C04F79EFBC}") = "WorkWithGitApp", "WorkWithGitApp\WorkWithGitApp.csproj", "{FB84D9EB-984A-45CC-8EB5-C795B0FB4E77}"
EndProject
Global
	GlobalSection(SolutionConfigurationPlatforms) = preSolution
		Debug|Any CPU = Debug|Any CPU
		Release|Any CPU = Release|Any CPU
	EndGlobalSection
	GlobalSection(ProjectConfigurationPlatforms) = postSolution
		{FB84D9EB-984A-45CC-8EB5-C795B0FB4E77}.Debug|Any CPU.ActiveCfg = Debug|Any CPU
		{FB84D9EB-984A-45CC-8EB5-C795B0FB4E77}.Debug|Any CPU.Build.0 = Debug|Any CPU
		{FB84D9EB-984A-45CC-8EB5-C795B0FB4E77}.Release|Any CPU.ActiveCfg = Release|Any CPU
		{FB84D9EB-984A-45CC-8EB5-C795B0FB4E77}.Release|Any CPU.Build.0 = Release|Any CPU
	EndGlobalSection
	GlobalSection(SolutionProperties) = preSolution
		HideSolutionNode = FALSE
	EndGlobalSection
	GlobalSection(ExtensibilityGlobals) = postSolution
		SolutionGuid = {67B332B0-C635-4C18-BF9D-480673A346A7}
	EndGlobalSection
EndGlobal
